// !$*UTF8*$!
{
	archiveVersion = 1;
	classes = {
	};
	objectVersion = 46;
	objects = {

/* Begin PBXBuildFile section */
		2D3B1AC71E43D43700ABAC66 /* AppDelegate.swift in Sources */ = {isa = PBXBuildFile; fileRef = 2D3B1AC61E43D43700ABAC66 /* AppDelegate.swift */; };
		2D3B1AC91E43D43700ABAC66 /* ViewController.swift in Sources */ = {isa = PBXBuildFile; fileRef = 2D3B1AC81E43D43700ABAC66 /* ViewController.swift */; };
		2D3B1ACC1E43D43700ABAC66 /* Main.storyboard in Resources */ = {isa = PBXBuildFile; fileRef = 2D3B1ACA1E43D43700ABAC66 /* Main.storyboard */; };
		2D3B1ACE1E43D43700ABAC66 /* Assets.xcassets in Resources */ = {isa = PBXBuildFile; fileRef = 2D3B1ACD1E43D43700ABAC66 /* Assets.xcassets */; };
		2D3B1AD11E43D43700ABAC66 /* LaunchScreen.storyboard in Resources */ = {isa = PBXBuildFile; fileRef = 2D3B1ACF1E43D43700ABAC66 /* LaunchScreen.storyboard */; };
		F3F95C55017066EAA47DD68D /* Pods_MaterialCocoaPodTemplate.framework in Frameworks */ = {isa = PBXBuildFile; fileRef = 5B545B128FB449CD1F53ABB0 /* Pods_MaterialCocoaPodTemplate.framework */; };
/* End PBXBuildFile section */

/* Begin PBXFileReference section */
		2D3B1AC31E43D43700ABAC66 /* MaterialCocoaPodTemplate.app */ = {isa = PBXFileReference; explicitFileType = wrapper.application; includeInIndex = 0; path = MaterialCocoaPodTemplate.app; sourceTree = BUILT_PRODUCTS_DIR; };
		2D3B1AC61E43D43700ABAC66 /* AppDelegate.swift */ = {isa = PBXFileReference; lastKnownFileType = sourcecode.swift; path = AppDelegate.swift; sourceTree = "<group>"; };
		2D3B1AC81E43D43700ABAC66 /* ViewController.swift */ = {isa = PBXFileReference; lastKnownFileType = sourcecode.swift; path = ViewController.swift; sourceTree = "<group>"; };
		2D3B1ACB1E43D43700ABAC66 /* Base */ = {isa = PBXFileReference; lastKnownFileType = file.storyboard; name = Base; path = Base.lproj/Main.storyboard; sourceTree = "<group>"; };
		2D3B1ACD1E43D43700ABAC66 /* Assets.xcassets */ = {isa = PBXFileReference; lastKnownFileType = folder.assetcatalog; path = Assets.xcassets; sourceTree = "<group>"; };
		2D3B1AD01E43D43700ABAC66 /* Base */ = {isa = PBXFileReference; lastKnownFileType = file.storyboard; name = Base; path = Base.lproj/LaunchScreen.storyboard; sourceTree = "<group>"; };
		2D3B1AD21E43D43700ABAC66 /* Info.plist */ = {isa = PBXFileReference; lastKnownFileType = text.plist.xml; path = Info.plist; sourceTree = "<group>"; };
		4891D66AB3E9CD39149598A6 /* Pods-MaterialCocoaPodTemplate.debug.xcconfig */ = {isa = PBXFileReference; includeInIndex = 1; lastKnownFileType = text.xcconfig; name = "Pods-MaterialCocoaPodTemplate.debug.xcconfig"; path = "Pods/Target Support Files/Pods-MaterialCocoaPodTemplate/Pods-MaterialCocoaPodTemplate.debug.xcconfig"; sourceTree = "<group>"; };
		5B545B128FB449CD1F53ABB0 /* Pods_MaterialCocoaPodTemplate.framework */ = {isa = PBXFileReference; explicitFileType = wrapper.framework; includeInIndex = 0; path = Pods_MaterialCocoaPodTemplate.framework; sourceTree = BUILT_PRODUCTS_DIR; };
		B99598042E59A6A62950D13D /* Pods-MaterialCocoaPodTemplate.release.xcconfig */ = {isa = PBXFileReference; includeInIndex = 1; lastKnownFileType = text.xcconfig; name = "Pods-MaterialCocoaPodTemplate.release.xcconfig"; path = "Pods/Target Support Files/Pods-MaterialCocoaPodTemplate/Pods-MaterialCocoaPodTemplate.release.xcconfig"; sourceTree = "<group>"; };
/* End PBXFileReference section */

/* Begin PBXFrameworksBuildPhase section */
		2D3B1AC01E43D43700ABAC66 /* Frameworks */ = {
			isa = PBXFrameworksBuildPhase;
			buildActionMask = 2147483647;
			files = (
				F3F95C55017066EAA47DD68D /* Pods_MaterialCocoaPodTemplate.framework in Frameworks */,
			);
			runOnlyForDeploymentPostprocessing = 0;
		};
/* End PBXFrameworksBuildPhase section */

/* Begin PBXGroup section */
		2D3B1ABA1E43D43700ABAC66 = {
			isa = PBXGroup;
			children = (
				2D3B1AC51E43D43700ABAC66 /* MaterialCocoaPodTemplate */,
				2D3B1AC41E43D43700ABAC66 /* Products */,
				F8FFED044D0C73B08630D01E /* Pods */,
				AD441B4D20BEB014638F7FCC /* Frameworks */,
			);
			sourceTree = "<group>";
		};
		2D3B1AC41E43D43700ABAC66 /* Products */ = {
			isa = PBXGroup;
			children = (
				2D3B1AC31E43D43700ABAC66 /* MaterialCocoaPodTemplate.app */,
			);
			name = Products;
			sourceTree = "<group>";
		};
		2D3B1AC51E43D43700ABAC66 /* MaterialCocoaPodTemplate */ = {
			isa = PBXGroup;
			children = (
				2D3B1AC61E43D43700ABAC66 /* AppDelegate.swift */,
				2D3B1AC81E43D43700ABAC66 /* ViewController.swift */,
				2D3B1ACA1E43D43700ABAC66 /* Main.storyboard */,
				2D3B1ACD1E43D43700ABAC66 /* Assets.xcassets */,
				2D3B1ACF1E43D43700ABAC66 /* LaunchScreen.storyboard */,
				2D3B1AD21E43D43700ABAC66 /* Info.plist */,
			);
			path = MaterialCocoaPodTemplate;
			sourceTree = "<group>";
		};
		AD441B4D20BEB014638F7FCC /* Frameworks */ = {
			isa = PBXGroup;
			children = (
				5B545B128FB449CD1F53ABB0 /* Pods_MaterialCocoaPodTemplate.framework */,
			);
			name = Frameworks;
			sourceTree = "<group>";
		};
		F8FFED044D0C73B08630D01E /* Pods */ = {
			isa = PBXGroup;
			children = (
				4891D66AB3E9CD39149598A6 /* Pods-MaterialCocoaPodTemplate.debug.xcconfig */,
				B99598042E59A6A62950D13D /* Pods-MaterialCocoaPodTemplate.release.xcconfig */,
			);
			name = Pods;
			sourceTree = "<group>";
		};
/* End PBXGroup section */

/* Begin PBXNativeTarget section */
		2D3B1AC21E43D43700ABAC66 /* MaterialCocoaPodTemplate */ = {
			isa = PBXNativeTarget;
			buildConfigurationList = 2D3B1AD51E43D43700ABAC66 /* Build configuration list for PBXNativeTarget "MaterialCocoaPodTemplate" */;
			buildPhases = (
				312886333043A14CABBDED18 /* [CP] Check Pods Manifest.lock */,
				2D3B1ABF1E43D43700ABAC66 /* Sources */,
				2D3B1AC01E43D43700ABAC66 /* Frameworks */,
				2D3B1AC11E43D43700ABAC66 /* Resources */,
				417B8916E82EF5639590F0A7 /* [CP] Embed Pods Frameworks */,
				0CD475FE2982F75C3262342F /* [CP] Copy Pods Resources */,
			);
			buildRules = (
			);
			dependencies = (
			);
			name = MaterialCocoaPodTemplate;
			productName = MaterialCocoaPodTemplate;
			productReference = 2D3B1AC31E43D43700ABAC66 /* MaterialCocoaPodTemplate.app */;
			productType = "com.apple.product-type.application";
		};
/* End PBXNativeTarget section */

/* Begin PBXProject section */
		2D3B1ABB1E43D43700ABAC66 /* Project object */ = {
			isa = PBXProject;
			attributes = {
				LastSwiftUpdateCheck = 0820;
				LastUpgradeCheck = 0820;
				ORGANIZATIONNAME = "Acceler Inc.";
				TargetAttributes = {
					2D3B1AC21E43D43700ABAC66 = {
						CreatedOnToolsVersion = 8.2.1;
						ProvisioningStyle = Automatic;
					};
				};
			};
			buildConfigurationList = 2D3B1ABE1E43D43700ABAC66 /* Build configuration list for PBXProject "MaterialCocoaPodTemplate" */;
			compatibilityVersion = "Xcode 3.2";
			developmentRegion = English;
			hasScannedForEncodings = 0;
			knownRegions = (
				en,
				Base,
			);
			mainGroup = 2D3B1ABA1E43D43700ABAC66;
			productRefGroup = 2D3B1AC41E43D43700ABAC66 /* Products */;
			projectDirPath = "";
			projectRoot = "";
			targets = (
				2D3B1AC21E43D43700ABAC66 /* MaterialCocoaPodTemplate */,
			);
		};
/* End PBXProject section */

/* Begin PBXResourcesBuildPhase section */
		2D3B1AC11E43D43700ABAC66 /* Resources */ = {
			isa = PBXResourcesBuildPhase;
			buildActionMask = 2147483647;
			files = (
				2D3B1AD11E43D43700ABAC66 /* LaunchScreen.storyboard in Resources */,
				2D3B1ACE1E43D43700ABAC66 /* Assets.xcassets in Resources */,
				2D3B1ACC1E43D43700ABAC66 /* Main.storyboard in Resources */,
			);
			runOnlyForDeploymentPostprocessing = 0;
		};
/* End PBXResourcesBuildPhase section */

/* Begin PBXShellScriptBuildPhase section */
		0CD475FE2982F75C3262342F /* [CP] Copy Pods Resources */ = {
			isa = PBXShellScriptBuildPhase;
			buildActionMask = 2147483647;
			files = (
			);
			inputPaths = (
			);
			name = "[CP] Copy Pods Resources";
			outputPaths = (
			);
			runOnlyForDeploymentPostprocessing = 0;
			shellPath = /bin/sh;
			shellScript = "\"${SRCROOT}/Pods/Target Support Files/Pods-MaterialCocoaPodTemplate/Pods-MaterialCocoaPodTemplate-resources.sh\"\n";
			showEnvVarsInLog = 0;
		};
		312886333043A14CABBDED18 /* [CP] Check Pods Manifest.lock */ = {
			isa = PBXShellScriptBuildPhase;
			buildActionMask = 2147483647;
			files = (
			);
			inputPaths = (
			);
			name = "[CP] Check Pods Manifest.lock";
			outputPaths = (
			);
			runOnlyForDeploymentPostprocessing = 0;
			shellPath = /bin/sh;
			shellScript = "diff \"${PODS_ROOT}/../Podfile.lock\" \"${PODS_ROOT}/Manifest.lock\" > /dev/null\nif [ $? != 0 ] ; then\n    # print error to STDERR\n    echo \"error: The sandbox is not in sync with the Podfile.lock. Run 'pod install' or update your CocoaPods installation.\" >&2\n    exit 1\nfi\n";
			showEnvVarsInLog = 0;
		};
		417B8916E82EF5639590F0A7 /* [CP] Embed Pods Frameworks */ = {
			isa = PBXShellScriptBuildPhase;
			buildActionMask = 2147483647;
			files = (
			);
			inputPaths = (
			);
			name = "[CP] Embed Pods Frameworks";
			outputPaths = (
			);
			runOnlyForDeploymentPostprocessing = 0;
			shellPath = /bin/sh;
			shellScript = "\"${SRCROOT}/Pods/Target Support Files/Pods-MaterialCocoaPodTemplate/Pods-MaterialCocoaPodTemplate-frameworks.sh\"\n";
			showEnvVarsInLog = 0;
		};
/* End PBXShellScriptBuildPhase section */

/* Begin PBXSourcesBuildPhase section */
		2D3B1ABF1E43D43700ABAC66 /* Sources */ = {
			isa = PBXSourcesBuildPhase;
			buildActionMask = 2147483647;
			files = (
				2D3B1AC91E43D43700ABAC66 /* ViewController.swift in Sources */,
				2D3B1AC71E43D43700ABAC66 /* AppDelegate.swift in Sources */,
			);
			runOnlyForDeploymentPostprocessing = 0;
		};
/* End PBXSourcesBuildPhase section */

/* Begin PBXVariantGroup section */
		2D3B1ACA1E43D43700ABAC66 /* Main.storyboard */ = {
			isa = PBXVariantGroup;
			children = (
				2D3B1ACB1E43D43700ABAC66 /* Base */,
			);
			name = Main.storyboard;
			sourceTree = "<group>";
		};
		2D3B1ACF1E43D43700ABAC66 /* LaunchScreen.storyboard */ = {
			isa = PBXVariantGroup;
			children = (
				2D3B1AD01E43D43700ABAC66 /* Base */,
			);
			name = LaunchScreen.storyboard;
			sourceTree = "<group>";
		};
/* End PBXVariantGroup section */

/* Begin XCBuildConfiguration section */
		2D3B1AD31E43D43700ABAC66 /* Debug */ = {
			isa = XCBuildConfiguration;
			buildSettings = {
				ALWAYS_SEARCH_USER_PATHS = NO;
				CLANG_ANALYZER_NONNULL = YES;
				CLANG_CXX_LANGUAGE_STANDARD = "gnu++0x";
				CLANG_CXX_LIBRARY = "libc++";
				CLANG_ENABLE_MODULES = YES;
				CLANG_ENABLE_OBJC_ARC = YES;
				CLANG_WARN_BOOL_CONVERSION = YES;
				CLANG_WARN_CONSTANT_CONVERSION = YES;
				CLANG_WARN_DIRECT_OBJC_ISA_USAGE = YES_ERROR;
				CLANG_WARN_DOCUMENTATION_COMMENTS = YES;
				CLANG_WARN_EMPTY_BODY = YES;
				CLANG_WARN_ENUM_CONVERSION = YES;
				CLANG_WARN_INFINITE_RECURSION = YES;
				CLANG_WARN_INT_CONVERSION = YES;
				CLANG_WARN_OBJC_ROOT_CLASS = YES_ERROR;
				CLANG_WARN_SUSPICIOUS_MOVE = YES;
				CLANG_WARN_UNREACHABLE_CODE = YES;
				CLANG_WARN__DUPLICATE_METHOD_MATCH = YES;
				"CODE_SIGN_IDENTITY[sdk=iphoneos*]" = "iPhone Developer";
				COPY_PHASE_STRIP = NO;
				DEBUG_INFORMATION_FORMAT = dwarf;
				ENABLE_STRICT_OBJC_MSGSEND = YES;
				ENABLE_TESTABILITY = YES;
				GCC_C_LANGUAGE_STANDARD = gnu99;
				GCC_DYNAMIC_NO_PIC = NO;
				GCC_NO_COMMON_BLOCKS = YES;
				GCC_OPTIMIZATION_LEVEL = 0;
				GCC_PREPROCESSOR_DEFINITIONS = (
					"DEBUG=1",
					"$(inherited)",
				);
				GCC_WARN_64_TO_32_BIT_CONVERSION = YES;
				GCC_WARN_ABOUT_RETURN_TYPE = YES_ERROR;
				GCC_WARN_UNDECLARED_SELECTOR = YES;
				GCC_WARN_UNINITIALIZED_AUTOS = YES_AGGRESSIVE;
				GCC_WARN_UNUSED_FUNCTION = YES;
				GCC_WARN_UNUSED_VARIABLE = YES;
				IPHONEOS_DEPLOYMENT_TARGET = 10.2;
				MTL_ENABLE_DEBUG_INFO = YES;
				ONLY_ACTIVE_ARCH = YES;
				SDKROOT = iphoneos;
				SWIFT_ACTIVE_COMPILATION_CONDITIONS = DEBUG;
				SWIFT_OPTIMIZATION_LEVEL = "-Onone";
			};
			name = Debug;
		};
		2D3B1AD41E43D43700ABAC66 /* Release */ = {
			isa = XCBuildConfiguration;
			buildSettings = {
				ALWAYS_SEARCH_USER_PATHS = NO;
				CLANG_ANALYZER_NONNULL = YES;
				CLANG_CXX_LANGUAGE_STANDARD = "gnu++0x";
				CLANG_CXX_LIBRARY = "libc++";
				CLANG_ENABLE_MODULES = YES;
				CLANG_ENABLE_OBJC_ARC = YES;
				CLANG_WARN_BOOL_CONVERSION = YES;
				CLANG_WARN_CONSTANT_CONVERSION = YES;
				CLANG_WARN_DIRECT_OBJC_ISA_USAGE = YES_ERROR;
				CLANG_WARN_DOCUMENTATION_COMMENTS = YES;
				CLANG_WARN_EMPTY_BODY = YES;
				CLANG_WARN_ENUM_CONVERSION = YES;
				CLANG_WARN_INFINITE_RECURSION = YES;
				CLANG_WARN_INT_CONVERSION = YES;
				CLANG_WARN_OBJC_ROOT_CLASS = YES_ERROR;
				CLANG_WARN_SUSPICIOUS_MOVE = YES;
				CLANG_WARN_UNREACHABLE_CODE = YES;
				CLANG_WARN__DUPLICATE_METHOD_MATCH = YES;
				"CODE_SIGN_IDENTITY[sdk=iphoneos*]" = "iPhone Developer";
				COPY_PHASE_STRIP = NO;
				DEBUG_INFORMATION_FORMAT = "dwarf-with-dsym";
				ENABLE_NS_ASSERTIONS = NO;
				ENABLE_STRICT_OBJC_MSGSEND = YES;
				GCC_C_LANGUAGE_STANDARD = gnu99;
				GCC_NO_COMMON_BLOCKS = YES;
				GCC_WARN_64_TO_32_BIT_CONVERSION = YES;
				GCC_WARN_ABOUT_RETURN_TYPE = YES_ERROR;
				GCC_WARN_UNDECLARED_SELECTOR = YES;
				GCC_WARN_UNINITIALIZED_AUTOS = YES_AGGRESSIVE;
				GCC_WARN_UNUSED_FUNCTION = YES;
				GCC_WARN_UNUSED_VARIABLE = YES;
				IPHONEOS_DEPLOYMENT_TARGET = 10.2;
				MTL_ENABLE_DEBUG_INFO = NO;
				SDKROOT = iphoneos;
				SWIFT_OPTIMIZATION_LEVEL = "-Owholemodule";
				VALIDATE_PRODUCT = YES;
			};
			name = Release;
		};
		2D3B1AD61E43D43700ABAC66 /* Debug */ = {
			isa = XCBuildConfiguration;
			baseConfigurationReference = 4891D66AB3E9CD39149598A6 /* Pods-MaterialCocoaPodTemplate.debug.xcconfig */;
			buildSettings = {
				ASSETCATALOG_COMPILER_APPICON_NAME = AppIcon;
				INFOPLIST_FILE = MaterialCocoaPodTemplate/Info.plist;
				LD_RUNPATH_SEARCH_PATHS = "$(inherited) @executable_path/Frameworks";
				PRODUCT_BUNDLE_IDENTIFIER = com.acceler.MaterialCocoaPodTemplate;
				PRODUCT_NAME = "$(TARGET_NAME)";
				SWIFT_VERSION = 3.0;
			};
			name = Debug;
		};
		2D3B1AD71E43D43700ABAC66 /* Release */ = {
			isa = XCBuildConfiguration;
			baseConfigurationReference = B99598042E59A6A62950D13D /* Pods-MaterialCocoaPodTemplate.release.xcconfig */;
			buildSettings = {
				ASSETCATALOG_COMPILER_APPICON_NAME = AppIcon;
				INFOPLIST_FILE = MaterialCocoaPodTemplate/Info.plist;
				LD_RUNPATH_SEARCH_PATHS = "$(inherited) @executable_path/Frameworks";
				PRODUCT_BUNDLE_IDENTIFIER = com.acceler.MaterialCocoaPodTemplate;
				PRODUCT_NAME = "$(TARGET_NAME)";
				SWIFT_VERSION = 3.0;
			};
			name = Release;
		};
/* End XCBuildConfiguration section */

/* Begin XCConfigurationList section */
		2D3B1ABE1E43D43700ABAC66 /* Build configuration list for PBXProject "MaterialCocoaPodTemplate" */ = {
			isa = XCConfigurationList;
			buildConfigurations = (
				2D3B1AD31E43D43700ABAC66 /* Debug */,
				2D3B1AD41E43D43700ABAC66 /* Release */,
			);
			defaultConfigurationIsVisible = 0;
			defaultConfigurationName = Release;
		};
		2D3B1AD51E43D43700ABAC66 /* Build configuration list for PBXNativeTarget "MaterialCocoaPodTemplate" */ = {
			isa = XCConfigurationList;
			buildConfigurations = (
				2D3B1AD61E43D43700ABAC66 /* Debug */,
				2D3B1AD71E43D43700ABAC66 /* Release */,
			);
			defaultConfigurationIsVisible = 0;
		};
/* End XCConfigurationList section */
	};
	rootObject = 2D3B1ABB1E43D43700ABAC66 /* Project object */;
}
